
Microsoft Visual Studio Solution File, Format Version 12.00
Project("{2150E333-8FDC-42A3-9474-1A3956D46DE8}") = "Helpers", "Helpers", "{E206559B-5371-451B-AD2E-D5E304174D51}"
	ProjectSection(SolutionItems) = preProject
		Helpers\Course.postman_collection.json = Helpers\Course.postman_collection.json
		Helpers\movies.json = Helpers\movies.json
	EndProjectSection
EndProject
Project("{FAE04EC0-301F-11D3-BF4B-00C04F79EFBC}") = "Movies.Api", "Movies.Api\Movies.Api.csproj", "{5F67A488-3747-493A-9F82-DF6082D686F2}"
EndProject
Project("{FAE04EC0-301F-11D3-BF4B-00C04F79EFBC}") = "Movies.Application", "Movies.Application\Movies.Application.csproj", "{46BCBFD6-D4A5-48AB-A0E0-ABBEA8CAE2ED}"
EndProject
Project("{FAE04EC0-301F-11D3-BF4B-00C04F79EFBC}") = "Movies.Contracts", "Movies.Contracts\Movies.Contracts.csproj", "{EAABC916-D2E8-4997-9FC0-2E10AA14EFCE}"
EndProject
Project("{FAE04EC0-301F-11D3-BF4B-00C04F79EFBC}") = "Identity.Api", "Helpers\Identity.Api\Identity.Api.csproj", "{962E492D-7802-49ED-A1DD-B5059AEA661A}"
EndProject
Project("{FAE04EC0-301F-11D3-BF4B-00C04F79EFBC}") = "Movies.Api.Sdk", "Movies.Api.Sdk\Movies.Api.Sdk.csproj", "{E4BEA3CF-A482-4807-87AD-B12B11BE73DA}"
EndProject
Project("{FAE04EC0-301F-11D3-BF4B-00C04F79EFBC}") = "Movies.Api.Sdk.Consumer", "Movies.Api.Sdk.Consumer\Movies.Api.Sdk.Consumer.csproj", "{D556ABF0-D594-4E97-B0CC-99E854CA76A6}"
EndProject
Global
	GlobalSection(SolutionConfigurationPlatforms) = preSolution
		Debug|Any CPU = Debug|Any CPU
		Debug|x64 = Debug|x64
		Debug|x86 = Debug|x86
		Release|Any CPU = Release|Any CPU
		Release|x64 = Release|x64
		Release|x86 = Release|x86
	EndGlobalSection
	GlobalSection(ProjectConfigurationPlatforms) = postSolution
		{5F67A488-3747-493A-9F82-DF6082D686F2}.Debug|Any CPU.ActiveCfg = Debug|Any CPU
		{5F67A488-3747-493A-9F82-DF6082D686F2}.Debug|Any CPU.Build.0 = Debug|Any CPU
		{5F67A488-3747-493A-9F82-DF6082D686F2}.Debug|x64.ActiveCfg = Debug|Any CPU
		{5F67A488-3747-493A-9F82-DF6082D686F2}.Debug|x64.Build.0 = Debug|Any CPU
		{5F67A488-3747-493A-9F82-DF6082D686F2}.Debug|x86.ActiveCfg = Debug|Any CPU
		{5F67A488-3747-493A-9F82-DF6082D686F2}.Debug|x86.Build.0 = Debug|Any CPU
		{5F67A488-3747-493A-9F82-DF6082D686F2}.Release|Any CPU.ActiveCfg = Release|Any CPU
		{5F67A488-3747-493A-9F82-DF6082D686F2}.Release|Any CPU.Build.0 = Release|Any CPU
		{5F67A488-3747-493A-9F82-DF6082D686F2}.Release|x64.ActiveCfg = Release|Any CPU
		{5F67A488-3747-493A-9F82-DF6082D686F2}.Release|x64.Build.0 = Release|Any CPU
		{5F67A488-3747-493A-9F82-DF6082D686F2}.Release|x86.ActiveCfg = Release|Any CPU
		{5F67A488-3747-493A-9F82-DF6082D686F2}.Release|x86.Build.0 = Release|Any CPU
		{46BCBFD6-D4A5-48AB-A0E0-ABBEA8CAE2ED}.Debug|Any CPU.ActiveCfg = Debug|Any CPU
		{46BCBFD6-D4A5-48AB-A0E0-ABBEA8CAE2ED}.Debug|Any CPU.Build.0 = Debug|Any CPU
		{46BCBFD6-D4A5-48AB-A0E0-ABBEA8CAE2ED}.Debug|x64.ActiveCfg = Debug|Any CPU
		{46BCBFD6-D4A5-48AB-A0E0-ABBEA8CAE2ED}.Debug|x64.Build.0 = Debug|Any CPU
		{46BCBFD6-D4A5-48AB-A0E0-ABBEA8CAE2ED}.Debug|x86.ActiveCfg = Debug|Any CPU
		{46BCBFD6-D4A5-48AB-A0E0-ABBEA8CAE2ED}.Debug|x86.Build.0 = Debug|Any CPU
		{46BCBFD6-D4A5-48AB-A0E0-ABBEA8CAE2ED}.Release|Any CPU.ActiveCfg = Release|Any CPU
		{46BCBFD6-D4A5-48AB-A0E0-ABBEA8CAE2ED}.Release|Any CPU.Build.0 = Release|Any CPU
		{46BCBFD6-D4A5-48AB-A0E0-ABBEA8CAE2ED}.Release|x64.ActiveCfg = Release|Any CPU
		{46BCBFD6-D4A5-48AB-A0E0-ABBEA8CAE2ED}.Release|x64.Build.0 = Release|Any CPU
		{46BCBFD6-D4A5-48AB-A0E0-ABBEA8CAE2ED}.Release|x86.ActiveCfg = Release|Any CPU
		{46BCBFD6-D4A5-48AB-A0E0-ABBEA8CAE2ED}.Release|x86.Build.0 = Release|Any CPU
		{EAABC916-D2E8-4997-9FC0-2E10AA14EFCE}.Debug|Any CPU.ActiveCfg = Debug|Any CPU
		{EAABC916-D2E8-4997-9FC0-2E10AA14EFCE}.Debug|Any CPU.Build.0 = Debug|Any CPU
		{EAABC916-D2E8-4997-9FC0-2E10AA14EFCE}.Debug|x64.ActiveCfg = Debug|Any CPU
		{EAABC916-D2E8-4997-9FC0-2E10AA14EFCE}.Debug|x64.Build.0 = Debug|Any CPU
		{EAABC916-D2E8-4997-9FC0-2E10AA14EFCE}.Debug|x86.ActiveCfg = Debug|Any CPU
		{EAABC916-D2E8-4997-9FC0-2E10AA14EFCE}.Debug|x86.Build.0 = Debug|Any CPU
		{EAABC916-D2E8-4997-9FC0-2E10AA14EFCE}.Release|Any CPU.ActiveCfg = Release|Any CPU
		{EAABC916-D2E8-4997-9FC0-2E10AA14EFCE}.Release|Any CPU.Build.0 = Release|Any CPU
		{EAABC916-D2E8-4997-9FC0-2E10AA14EFCE}.Release|x64.ActiveCfg = Release|Any CPU
		{EAABC916-D2E8-4997-9FC0-2E10AA14EFCE}.Release|x64.Build.0 = Release|Any CPU
		{EAABC916-D2E8-4997-9FC0-2E10AA14EFCE}.Release|x86.ActiveCfg = Release|Any CPU
		{EAABC916-D2E8-4997-9FC0-2E10AA14EFCE}.Release|x86.Build.0 = Release|Any CPU
		{962E492D-7802-49ED-A1DD-B5059AEA661A}.Debug|Any CPU.ActiveCfg = Debug|Any CPU
		{962E492D-7802-49ED-A1DD-B5059AEA661A}.Debug|Any CPU.Build.0 = Debug|Any CPU
		{962E492D-7802-49ED-A1DD-B5059AEA661A}.Debug|x64.ActiveCfg = Debug|Any CPU
		{962E492D-7802-49ED-A1DD-B5059AEA661A}.Debug|x64.Build.0 = Debug|Any CPU
		{962E492D-7802-49ED-A1DD-B5059AEA661A}.Debug|x86.ActiveCfg = Debug|Any CPU
		{962E492D-7802-49ED-A1DD-B5059AEA661A}.Debug|x86.Build.0 = Debug|Any CPU
		{962E492D-7802-49ED-A1DD-B5059AEA661A}.Release|Any CPU.ActiveCfg = Release|Any CPU
		{962E492D-7802-49ED-A1DD-B5059AEA661A}.Release|Any CPU.Build.0 = Release|Any CPU
		{962E492D-7802-49ED-A1DD-B5059AEA661A}.Release|x64.ActiveCfg = Release|Any CPU
		{962E492D-7802-49ED-A1DD-B5059AEA661A}.Release|x64.Build.0 = Release|Any CPU
		{962E492D-7802-49ED-A1DD-B5059AEA661A}.Release|x86.ActiveCfg = Release|Any CPU
		{962E492D-7802-49ED-A1DD-B5059AEA661A}.Release|x86.Build.0 = Release|Any CPU
		{E4BEA3CF-A482-4807-87AD-B12B11BE73DA}.Debug|Any CPU.ActiveCfg = Debug|Any CPU
		{E4BEA3CF-A482-4807-87AD-B12B11BE73DA}.Debug|Any CPU.Build.0 = Debug|Any CPU
		{E4BEA3CF-A482-4807-87AD-B12B11BE73DA}.Debug|x64.ActiveCfg = Debug|Any CPU
		{E4BEA3CF-A482-4807-87AD-B12B11BE73DA}.Debug|x64.Build.0 = Debug|Any CPU
		{E4BEA3CF-A482-4807-87AD-B12B11BE73DA}.Debug|x86.ActiveCfg = Debug|Any CPU
		{E4BEA3CF-A482-4807-87AD-B12B11BE73DA}.Debug|x86.Build.0 = Debug|Any CPU
		{E4BEA3CF-A482-4807-87AD-B12B11BE73DA}.Release|Any CPU.ActiveCfg = Release|Any CPU
		{E4BEA3CF-A482-4807-87AD-B12B11BE73DA}.Release|Any CPU.Build.0 = Release|Any CPU
		{E4BEA3CF-A482-4807-87AD-B12B11BE73DA}.Release|x64.ActiveCfg = Release|Any CPU
		{E4BEA3CF-A482-4807-87AD-B12B11BE73DA}.Release|x64.Build.0 = Release|Any CPU
		{E4BEA3CF-A482-4807-87AD-B12B11BE73DA}.Release|x86.ActiveCfg = Release|Any CPU
		{E4BEA3CF-A482-4807-87AD-B12B11BE73DA}.Release|x86.Build.0 = Release|Any CPU
		{D556ABF0-D594-4E97-B0CC-99E854CA76A6}.Debug|Any CPU.ActiveCfg = Debug|Any CPU
		{D556ABF0-D594-4E97-B0CC-99E854CA76A6}.Debug|Any CPU.Build.0 = Debug|Any CPU
		{D556ABF0-D594-4E97-B0CC-99E854CA76A6}.Debug|x64.ActiveCfg = Debug|Any CPU
		{D556ABF0-D594-4E97-B0CC-99E854CA76A6}.Debug|x64.Build.0 = Debug|Any CPU
		{D556ABF0-D594-4E97-B0CC-99E854CA76A6}.Debug|x86.ActiveCfg = Debug|Any CPU
		{D556ABF0-D594-4E97-B0CC-99E854CA76A6}.Debug|x86.Build.0 = Debug|Any CPU
		{D556ABF0-D594-4E97-B0CC-99E854CA76A6}.Release|Any CPU.ActiveCfg = Release|Any CPU
		{D556ABF0-D594-4E97-B0CC-99E854CA76A6}.Release|Any CPU.Build.0 = Release|Any CPU
		{D556ABF0-D594-4E97-B0CC-99E854CA76A6}.Release|x64.ActiveCfg = Release|Any CPU
		{D556ABF0-D594-4E97-B0CC-99E854CA76A6}.Release|x64.Build.0 = Release|Any CPU
		{D556ABF0-D594-4E97-B0CC-99E854CA76A6}.Release|x86.ActiveCfg = Release|Any CPU
		{D556ABF0-D594-4E97-B0CC-99E854CA76A6}.Release|x86.Build.0 = Release|Any CPU
	EndGlobalSection
	GlobalSection(SolutionProperties) = preSolution
		HideSolutionNode = FALSE
	EndGlobalSection
	GlobalSection(NestedProjects) = preSolution
		{962E492D-7802-49ED-A1DD-B5059AEA661A} = {E206559B-5371-451B-AD2E-D5E304174D51}
	EndGlobalSection
EndGlobal
